PODS:
  - DateTimePicker (2.1.3)
  - EEZoomableImageView (0.1.2)
  - MaterialShowcase (0.6.5)
  - UICollectionViewLeftAlignedLayout (2.0.0)

DEPENDENCIES:
  - DateTimePicker
  - EEZoomableImageView
  - MaterialShowcase
  - UICollectionViewLeftAlignedLayout (from `https://github.com/coeur/UICollectionViewLeftAlignedLayout.git`)

SPEC REPOS:
  https://github.com/cocoapods/specs.git:
    - DateTimePicker
    - EEZoomableImageView
    - MaterialShowcase

EXTERNAL SOURCES:
  UICollectionViewLeftAlignedLayout:
    :git: https://github.com/coeur/UICollectionViewLeftAlignedLayout.git

CHECKOUT OPTIONS:
  UICollectionViewLeftAlignedLayout:
    :commit: 15ddc466c932aa7cdf5d479cd003911e8c5276ac
    :git: https://github.com/coeur/UICollectionViewLeftAlignedLayout.git

SPEC CHECKSUMS:
  DateTimePicker: 1d34181c5e9cd6a32ca87174fdf66c9710e483ef
  EEZoomableImageView: 17389e2a7d03fc861fc9d044f06907777edd8970
  MaterialShowcase: 031041c8409ab8473740a13e8c37297f78316e96
  UICollectionViewLeftAlignedLayout: ccb93790d907ba4befd1450542d9e48e4e669459

PODFILE CHECKSUM: 52f7c1026504c57eb141c7f6793ed51d39041d65

COCOAPODS: 1.5.3
